{
  "name": "TypeScript",
  "lockfileVersion": 2,
  "requires": true,
  "packages": {
    "": {
      "dependencies": {
        "analysis": "^0.4.2"
      }
    },
    "node_modules/analysis": {
      "version": "0.4.2",
      "resolved": "https://registry.npmjs.org/analysis/-/analysis-0.4.2.tgz",
      "integrity": "sha512-pNf3EdHKIMepRdJ7k1FfLWjH+cvKaxtwsV2ZWGreyCzadifnXaVz/OveuaOLc1EqW2wsg2VTXgsYOoDson8Qfw=="
    }
  },
  "dependencies": {
    "analysis": {
      "version": "0.4.2",
      "resolved": "https://registry.npmjs.org/analysis/-/analysis-0.4.2.tgz",
      "integrity": "sha512-pNf3EdHKIMepRdJ7k1FfLWjH+cvKaxtwsV2ZWGreyCzadifnXaVz/OveuaOLc1EqW2wsg2VTXgsYOoDson8Qfw=="
    }
  }
}
